
Microsoft Visual Studio Solution File, Format Version 12.00
# Visual Studio Version 16
VisualStudioVersion = 16.0.29215.179
MinimumVisualStudioVersion = 10.0.40219.1
Project("{FAE04EC0-301F-11D3-BF4B-00C04F79EFBC}") = "Koinonia.Android", "Koinonia.Android\Koinonia.Android.csproj", "{1F52671B-DA82-44ED-9825-6D49ED6CB106}"
EndProject
Project("{FAE04EC0-301F-11D3-BF4B-00C04F79EFBC}") = "Koinonia.iOS", "Koinonia.iOS\Koinonia.iOS.csproj", "{34E09403-054F-4299-88AA-47CDEA30D17F}"
EndProject
Project("{FAE04EC0-301F-11D3-BF4B-00C04F79EFBC}") = "Koinonia", "Koinonia\Koinonia.csproj", "{2590D690-0AD4-4253-8240-C09E810C1F33}"
EndProject
Global
	GlobalSection(SolutionConfigurationPlatforms) = preSolution
		Debug|Any CPU = Debug|Any CPU
		Debug|iPhone = Debug|iPhone
		Debug|iPhoneSimulator = Debug|iPhoneSimulator
		Release|Any CPU = Release|Any CPU
		Release|iPhone = Release|iPhone
		Release|iPhoneSimulator = Release|iPhoneSimulator
	EndGlobalSection
	GlobalSection(ProjectConfigurationPlatforms) = postSolution
		{1F52671B-DA82-44ED-9825-6D49ED6CB106}.Debug|Any CPU.ActiveCfg = Debug|Any CPU
		{1F52671B-DA82-44ED-9825-6D49ED6CB106}.Debug|Any CPU.Build.0 = Debug|Any CPU
		{1F52671B-DA82-44ED-9825-6D49ED6CB106}.Debug|Any CPU.Deploy.0 = Debug|Any CPU
		{1F52671B-DA82-44ED-9825-6D49ED6CB106}.Debug|iPhone.ActiveCfg = Debug|Any CPU
		{1F52671B-DA82-44ED-9825-6D49ED6CB106}.Debug|iPhone.Build.0 = Debug|Any CPU
		{1F52671B-DA82-44ED-9825-6D49ED6CB106}.Debug|iPhone.Deploy.0 = Debug|Any CPU
		{1F52671B-DA82-44ED-9825-6D49ED6CB106}.Debug|iPhoneSimulator.ActiveCfg = Debug|Any CPU
		{1F52671B-DA82-44ED-9825-6D49ED6CB106}.Debug|iPhoneSimulator.Build.0 = Debug|Any CPU
		{1F52671B-DA82-44ED-9825-6D49ED6CB106}.Debug|iPhoneSimulator.Deploy.0 = Debug|Any CPU
		{1F52671B-DA82-44ED-9825-6D49ED6CB106}.Release|Any CPU.ActiveCfg = Release|Any CPU
		{1F52671B-DA82-44ED-9825-6D49ED6CB106}.Release|Any CPU.Build.0 = Release|Any CPU
		{1F52671B-DA82-44ED-9825-6D49ED6CB106}.Release|Any CPU.Deploy.0 = Release|Any CPU
		{1F52671B-DA82-44ED-9825-6D49ED6CB106}.Release|iPhone.ActiveCfg = Release|Any CPU
		{1F52671B-DA82-44ED-9825-6D49ED6CB106}.Release|iPhone.Build.0 = Release|Any CPU
		{1F52671B-DA82-44ED-9825-6D49ED6CB106}.Release|iPhone.Deploy.0 = Release|Any CPU
		{1F52671B-DA82-44ED-9825-6D49ED6CB106}.Release|iPhoneSimulator.ActiveCfg = Release|Any CPU
		{1F52671B-DA82-44ED-9825-6D49ED6CB106}.Release|iPhoneSimulator.Build.0 = Release|Any CPU
		{1F52671B-DA82-44ED-9825-6D49ED6CB106}.Release|iPhoneSimulator.Deploy.0 = Release|Any CPU
		{34E09403-054F-4299-88AA-47CDEA30D17F}.Debug|Any CPU.ActiveCfg = Debug|iPhoneSimulator
		{34E09403-054F-4299-88AA-47CDEA30D17F}.Debug|Any CPU.Build.0 = Debug|iPhoneSimulator
		{34E09403-054F-4299-88AA-47CDEA30D17F}.Debug|Any CPU.Deploy.0 = Debug|iPhoneSimulator
		{34E09403-054F-4299-88AA-47CDEA30D17F}.Debug|iPhone.ActiveCfg = Debug|iPhone
		{34E09403-054F-4299-88AA-47CDEA30D17F}.Debug|iPhone.Build.0 = Debug|iPhone
		{34E09403-054F-4299-88AA-47CDEA30D17F}.Debug|iPhone.Deploy.0 = Debug|iPhone
		{34E09403-054F-4299-88AA-47CDEA30D17F}.Debug|iPhoneSimulator.ActiveCfg = Debug|iPhoneSimulator
		{34E09403-054F-4299-88AA-47CDEA30D17F}.Debug|iPhoneSimulator.Build.0 = Debug|iPhoneSimulator
		{34E09403-054F-4299-88AA-47CDEA30D17F}.Debug|iPhoneSimulator.Deploy.0 = Debug|iPhoneSimulator
		{34E09403-054F-4299-88AA-47CDEA30D17F}.Release|Any CPU.ActiveCfg = Release|iPhone
		{34E09403-054F-4299-88AA-47CDEA30D17F}.Release|Any CPU.Build.0 = Release|iPhone
		{34E09403-054F-4299-88AA-47CDEA30D17F}.Release|Any CPU.Deploy.0 = Release|iPhone
		{34E09403-054F-4299-88AA-47CDEA30D17F}.Release|iPhone.ActiveCfg = Release|iPhone
		{34E09403-054F-4299-88AA-47CDEA30D17F}.Release|iPhone.Build.0 = Release|iPhone
		{34E09403-054F-4299-88AA-47CDEA30D17F}.Release|iPhone.Deploy.0 = Release|iPhone
		{34E09403-054F-4299-88AA-47CDEA30D17F}.Release|iPhoneSimulator.ActiveCfg = Release|iPhoneSimulator
		{34E09403-054F-4299-88AA-47CDEA30D17F}.Release|iPhoneSimulator.Build.0 = Release|iPhoneSimulator
		{34E09403-054F-4299-88AA-47CDEA30D17F}.Release|iPhoneSimulator.Deploy.0 = Release|iPhoneSimulator
		{2590D690-0AD4-4253-8240-C09E810C1F33}.Debug|Any CPU.ActiveCfg = Debug|Any CPU
		{2590D690-0AD4-4253-8240-C09E810C1F33}.Debug|Any CPU.Build.0 = Debug|Any CPU
		{2590D690-0AD4-4253-8240-C09E810C1F33}.Debug|Any CPU.Deploy.0 = Debug|Any CPU
		{2590D690-0AD4-4253-8240-C09E810C1F33}.Debug|iPhone.ActiveCfg = Debug|Any CPU
		{2590D690-0AD4-4253-8240-C09E810C1F33}.Debug|iPhone.Build.0 = Debug|Any CPU
		{2590D690-0AD4-4253-8240-C09E810C1F33}.Debug|iPhone.Deploy.0 = Debug|Any CPU
		{2590D690-0AD4-4253-8240-C09E810C1F33}.Debug|iPhoneSimulator.ActiveCfg = Debug|Any CPU
		{2590D690-0AD4-4253-8240-C09E810C1F33}.Debug|iPhoneSimulator.Build.0 = Debug|Any CPU
		{2590D690-0AD4-4253-8240-C09E810C1F33}.Debug|iPhoneSimulator.Deploy.0 = Debug|Any CPU
		{2590D690-0AD4-4253-8240-C09E810C1F33}.Release|Any CPU.ActiveCfg = Release|Any CPU
		{2590D690-0AD4-4253-8240-C09E810C1F33}.Release|Any CPU.Build.0 = Release|Any CPU
		{2590D690-0AD4-4253-8240-C09E810C1F33}.Release|Any CPU.Deploy.0 = Release|Any CPU
		{2590D690-0AD4-4253-8240-C09E810C1F33}.Release|iPhone.ActiveCfg = Release|Any CPU
		{2590D690-0AD4-4253-8240-C09E810C1F33}.Release|iPhone.Build.0 = Release|Any CPU
		{2590D690-0AD4-4253-8240-C09E810C1F33}.Release|iPhone.Deploy.0 = Release|Any CPU
		{2590D690-0AD4-4253-8240-C09E810C1F33}.Release|iPhoneSimulator.ActiveCfg = Release|Any CPU
		{2590D690-0AD4-4253-8240-C09E810C1F33}.Release|iPhoneSimulator.Build.0 = Release|Any CPU
		{2590D690-0AD4-4253-8240-C09E810C1F33}.Release|iPhoneSimulator.Deploy.0 = Release|Any CPU
	EndGlobalSection
	GlobalSection(SolutionProperties) = preSolution
		HideSolutionNode = FALSE
	EndGlobalSection
	GlobalSection(ExtensibilityGlobals) = postSolution
		SolutionGuid = {3B9E5227-93DA-4D3B-9071-AF9459FD92FF}
	EndGlobalSection
EndGlobal
